
Microsoft Visual Studio Solution File, Format Version 12.00
# Visual Studio Version 17
VisualStudioVersion = 17.8.34525.116
MinimumVisualStudioVersion = 10.0.40219.1
Project("{FAE04EC0-301F-11D3-BF4B-00C04F79EFBC}") = "DuAnLamQuen", "DuAnLamQuen\DuAnLamQuen.csproj", "{4608810B-2DAE-4CE9-828D-760B15530D96}"
EndProject
Global
	GlobalSection(SolutionConfigurationPlatforms) = preSolution
		Debug|Any CPU = Debug|Any CPU
		Release|Any CPU = Release|Any CPU
	EndGlobalSection
	GlobalSection(ProjectConfigurationPlatforms) = postSolution
		{4608810B-2DAE-4CE9-828D-760B15530D96}.Debug|Any CPU.ActiveCfg = Debug|Any CPU
		{4608810B-2DAE-4CE9-828D-760B15530D96}.Debug|Any CPU.Build.0 = Debug|Any CPU
		{4608810B-2DAE-4CE9-828D-760B15530D96}.Release|Any CPU.ActiveCfg = Release|Any CPU
		{4608810B-2DAE-4CE9-828D-760B15530D96}.Release|Any CPU.Build.0 = Release|Any CPU
	EndGlobalSection
	GlobalSection(SolutionProperties) = preSolution
		HideSolutionNode = FALSE
	EndGlobalSection
	GlobalSection(ExtensibilityGlobals) = postSolution
		SolutionGuid = {3E628C88-EF15-4DBC-AA1A-72AEDE4208A5}
	EndGlobalSection
EndGlobal
